// !$*UTF8*$!
{
	archiveVersion = 1;
	classes = {
	};
	objectVersion = 46;
	objects = {

/* Begin PBXBuildFile section */
		179750B61F1351350019E30B /* AppDelegate.swift in Sources */ = {isa = PBXBuildFile; fileRef = 179750B51F1351350019E30B /* AppDelegate.swift */; };
		179750B81F1351350019E30B /* ViewController.swift in Sources */ = {isa = PBXBuildFile; fileRef = 179750B71F1351350019E30B /* ViewController.swift */; };
		179750BB1F1351350019E30B /* Main.storyboard in Resources */ = {isa = PBXBuildFile; fileRef = 179750B91F1351350019E30B /* Main.storyboard */; };
		179750BD1F1351350019E30B /* Assets.xcassets in Resources */ = {isa = PBXBuildFile; fileRef = 179750BC1F1351350019E30B /* Assets.xcassets */; };
		179750C01F1351350019E30B /* LaunchScreen.storyboard in Resources */ = {isa = PBXBuildFile; fileRef = 179750BE1F1351350019E30B /* LaunchScreen.storyboard */; };
		179750C81F13513F0019E30B /* NodeProgress.swift in Sources */ = {isa = PBXBuildFile; fileRef = 179750C71F13513F0019E30B /* NodeProgress.swift */; };
/* End PBXBuildFile section */

/* Begin PBXFileReference section */
		179750B21F1351350019E30B /* NodeProgress.app */ = {isa = PBXFileReference; explicitFileType = wrapper.application; includeInIndex = 0; path = NodeProgress.app; sourceTree = BUILT_PRODUCTS_DIR; };
		179750B51F1351350019E30B /* AppDelegate.swift */ = {isa = PBXFileReference; lastKnownFileType = sourcecode.swift; path = AppDelegate.swift; sourceTree = "<group>"; };
		179750B71F1351350019E30B /* ViewController.swift */ = {isa = PBXFileReference; lastKnownFileType = sourcecode.swift; path = ViewController.swift; sourceTree = "<group>"; };
		179750BA1F1351350019E30B /* Base */ = {isa = PBXFileReference; lastKnownFileType = file.storyboard; name = Base; path = Base.lproj/Main.storyboard; sourceTree = "<group>"; };
		179750BC1F1351350019E30B /* Assets.xcassets */ = {isa = PBXFileReference; lastKnownFileType = folder.assetcatalog; path = Assets.xcassets; sourceTree = "<group>"; };
		179750BF1F1351350019E30B /* Base */ = {isa = PBXFileReference; lastKnownFileType = file.storyboard; name = Base; path = Base.lproj/LaunchScreen.storyboard; sourceTree = "<group>"; };
		179750C11F1351350019E30B /* Info.plist */ = {isa = PBXFileReference; lastKnownFileType = text.plist.xml; path = Info.plist; sourceTree = "<group>"; };
		179750C71F13513F0019E30B /* NodeProgress.swift */ = {isa = PBXFileReference; fileEncoding = 4; lastKnownFileType = sourcecode.swift; path = NodeProgress.swift; sourceTree = "<group>"; };
/* End PBXFileReference section */

/* Begin PBXFrameworksBuildPhase section */
		179750AF1F1351350019E30B /* Frameworks */ = {
			isa = PBXFrameworksBuildPhase;
			buildActionMask = 2147483647;
			files = (
			);
			runOnlyForDeploymentPostprocessing = 0;
		};
/* End PBXFrameworksBuildPhase section */

/* Begin PBXGroup section */
		179750A91F1351350019E30B = {
			isa = PBXGroup;
			children = (
				179750B41F1351350019E30B /* NodeProgress */,
				179750B31F1351350019E30B /* Products */,
			);
			sourceTree = "<group>";
		};
		179750B31F1351350019E30B /* Products */ = {
			isa = PBXGroup;
			children = (
				179750B21F1351350019E30B /* NodeProgress.app */,
			);
			name = Products;
			sourceTree = "<group>";
		};
		179750B41F1351350019E30B /* NodeProgress */ = {
			isa = PBXGroup;
			children = (
				179750C71F13513F0019E30B /* NodeProgress.swift */,
				179750B51F1351350019E30B /* AppDelegate.swift */,
				179750B71F1351350019E30B /* ViewController.swift */,
				179750B91F1351350019E30B /* Main.storyboard */,
				179750BC1F1351350019E30B /* Assets.xcassets */,
				179750BE1F1351350019E30B /* LaunchScreen.storyboard */,
				179750C11F1351350019E30B /* Info.plist */,
			);
			path = NodeProgress;
			sourceTree = "<group>";
		};
/* End PBXGroup section */

/* Begin PBXNativeTarget section */
		179750B11F1351350019E30B /* NodeProgress */ = {
			isa = PBXNativeTarget;
			buildConfigurationList = 179750C41F1351350019E30B /* Build configuration list for PBXNativeTarget "NodeProgress" */;
			buildPhases = (
				179750AE1F1351350019E30B /* Sources */,
				179750AF1F1351350019E30B /* Frameworks */,
				179750B01F1351350019E30B /* Resources */,
			);
			buildRules = (
			);
			dependencies = (
			);
			name = NodeProgress;
			productName = NodeProgress;
			productReference = 179750B21F1351350019E30B /* NodeProgress.app */;
			productType = "com.apple.product-type.application";
		};
/* End PBXNativeTarget section */

/* Begin PBXProject section */
		179750AA1F1351350019E30B /* Project object */ = {
			isa = PBXProject;
			attributes = {
				LastSwiftUpdateCheck = 0830;
				LastUpgradeCheck = 0830;
				ORGANIZATIONNAME = BMKP;
				TargetAttributes = {
					179750B11F1351350019E30B = {
						CreatedOnToolsVersion = 8.3.3;
						ProvisioningStyle = Automatic;
					};
				};
			};
			buildConfigurationList = 179750AD1F1351350019E30B /* Build configuration list for PBXProject "NodeProgress" */;
			compatibilityVersion = "Xcode 3.2";
			developmentRegion = English;
			hasScannedForEncodings = 0;
			knownRegions = (
				en,
				Base,
			);
			mainGroup = 179750A91F1351350019E30B;
			productRefGroup = 179750B31F1351350019E30B /* Products */;
			projectDirPath = "";
			projectRoot = "";
			targets = (
				179750B11F1351350019E30B /* NodeProgress */,
			);
		};
/* End PBXProject section */

/* Begin PBXResourcesBuildPhase section */
		179750B01F1351350019E30B /* Resources */ = {
			isa = PBXResourcesBuildPhase;
			buildActionMask = 2147483647;
			files = (
				179750C01F1351350019E30B /* LaunchScreen.storyboard in Resources */,
				179750BD1F1351350019E30B /* Assets.xcassets in Resources */,
				179750BB1F1351350019E30B /* Main.storyboard in Resources */,
			);
			runOnlyForDeploymentPostprocessing = 0;
		};
/* End PBXResourcesBuildPhase section */

/* Begin PBXSourcesBuildPhase section */
		179750AE1F1351350019E30B /* Sources */ = {
			isa = PBXSourcesBuildPhase;
			buildActionMask = 2147483647;
			files = (
				179750B81F1351350019E30B /* ViewController.swift in Sources */,
				179750B61F1351350019E30B /* AppDelegate.swift in Sources */,
				179750C81F13513F0019E30B /* NodeProgress.swift in Sources */,
			);
			runOnlyForDeploymentPostprocessing = 0;
		};
/* End PBXSourcesBuildPhase section */

/* Begin PBXVariantGroup section */
		179750B91F1351350019E30B /* Main.storyboard */ = {
			isa = PBXVariantGroup;
			children = (
				179750BA1F1351350019E30B /* Base */,
			);
			name = Main.storyboard;
			sourceTree = "<group>";
		};
		179750BE1F1351350019E30B /* LaunchScreen.storyboard */ = {
			isa = PBXVariantGroup;
			children = (
				179750BF1F1351350019E30B /* Base */,
			);
			name = LaunchScreen.storyboard;
			sourceTree = "<group>";
		};
/* End PBXVariantGroup section */

/* Begin XCBuildConfiguration section */
		179750C21F1351350019E30B /* Debug */ = {
			isa = XCBuildConfiguration;
			buildSettings = {
				ALWAYS_SEARCH_USER_PATHS = NO;
				CLANG_ANALYZER_NONNULL = YES;
				CLANG_ANALYZER_NUMBER_OBJECT_CONVERSION = YES_AGGRESSIVE;
				CLANG_CXX_LANGUAGE_STANDARD = "gnu++0x";
				CLANG_CXX_LIBRARY = "libc++";
				CLANG_ENABLE_MODULES = YES;
				CLANG_ENABLE_OBJC_ARC = YES;
				CLANG_WARN_BOOL_CONVERSION = YES;
				CLANG_WARN_CONSTANT_CONVERSION = YES;
				CLANG_WARN_DIRECT_OBJC_ISA_USAGE = YES_ERROR;
				CLANG_WARN_DOCUMENTATION_COMMENTS = YES;
				CLANG_WARN_EMPTY_BODY = YES;
				CLANG_WARN_ENUM_CONVERSION = YES;
				CLANG_WARN_INFINITE_RECURSION = YES;
				CLANG_WARN_INT_CONVERSION = YES;
				CLANG_WARN_OBJC_ROOT_CLASS = YES_ERROR;
				CLANG_WARN_SUSPICIOUS_MOVE = YES;
				CLANG_WARN_UNREACHABLE_CODE = YES;
				CLANG_WARN__DUPLICATE_METHOD_MATCH = YES;
				"CODE_SIGN_IDENTITY[sdk=iphoneos*]" = "iPhone Developer";
				COPY_PHASE_STRIP = NO;
				DEBUG_INFORMATION_FORMAT = dwarf;
				ENABLE_STRICT_OBJC_MSGSEND = YES;
				ENABLE_TESTABILITY = YES;
				GCC_C_LANGUAGE_STANDARD = gnu99;
				GCC_DYNAMIC_NO_PIC = NO;
				GCC_NO_COMMON_BLOCKS = YES;
				GCC_OPTIMIZATION_LEVEL = 0;
				GCC_PREPROCESSOR_DEFINITIONS = (
					"DEBUG=1",
					"$(inherited)",
				);
				GCC_WARN_64_TO_32_BIT_CONVERSION = YES;
				GCC_WARN_ABOUT_RETURN_TYPE = YES_ERROR;
				GCC_WARN_UNDECLARED_SELECTOR = YES;
				GCC_WARN_UNINITIALIZED_AUTOS = YES_AGGRESSIVE;
				GCC_WARN_UNUSED_FUNCTION = YES;
				GCC_WARN_UNUSED_VARIABLE = YES;
				IPHONEOS_DEPLOYMENT_TARGET = 10.3;
				MTL_ENABLE_DEBUG_INFO = YES;
				ONLY_ACTIVE_ARCH = YES;
				SDKROOT = iphoneos;
				SWIFT_ACTIVE_COMPILATION_CONDITIONS = DEBUG;
				SWIFT_OPTIMIZATION_LEVEL = "-Onone";
			};
			name = Debug;
		};
		179750C31F1351350019E30B /* Release */ = {
			isa = XCBuildConfiguration;
			buildSettings = {
				ALWAYS_SEARCH_USER_PATHS = NO;
				CLANG_ANALYZER_NONNULL = YES;
				CLANG_ANALYZER_NUMBER_OBJECT_CONVERSION = YES_AGGRESSIVE;
				CLANG_CXX_LANGUAGE_STANDARD = "gnu++0x";
				CLANG_CXX_LIBRARY = "libc++";
				CLANG_ENABLE_MODULES = YES;
				CLANG_ENABLE_OBJC_ARC = YES;
				CLANG_WARN_BOOL_CONVERSION = YES;
				CLANG_WARN_CONSTANT_CONVERSION = YES;
				CLANG_WARN_DIRECT_OBJC_ISA_USAGE = YES_ERROR;
				CLANG_WARN_DOCUMENTATION_COMMENTS = YES;
				CLANG_WARN_EMPTY_BODY = YES;
				CLANG_WARN_ENUM_CONVERSION = YES;
				CLANG_WARN_INFINITE_RECURSION = YES;
				CLANG_WARN_INT_CONVERSION = YES;
				CLANG_WARN_OBJC_ROOT_CLASS = YES_ERROR;
				CLANG_WARN_SUSPICIOUS_MOVE = YES;
				CLANG_WARN_UNREACHABLE_CODE = YES;
				CLANG_WARN__DUPLICATE_METHOD_MATCH = YES;
				"CODE_SIGN_IDENTITY[sdk=iphoneos*]" = "iPhone Developer";
				COPY_PHASE_STRIP = NO;
				DEBUG_INFORMATION_FORMAT = "dwarf-with-dsym";
				ENABLE_NS_ASSERTIONS = NO;
				ENABLE_STRICT_OBJC_MSGSEND = YES;
				GCC_C_LANGUAGE_STANDARD = gnu99;
				GCC_NO_COMMON_BLOCKS = YES;
				GCC_WARN_64_TO_32_BIT_CONVERSION = YES;
				GCC_WARN_ABOUT_RETURN_TYPE = YES_ERROR;
				GCC_WARN_UNDECLARED_SELECTOR = YES;
				GCC_WARN_UNINITIALIZED_AUTOS = YES_AGGRESSIVE;
				GCC_WARN_UNUSED_FUNCTION = YES;
				GCC_WARN_UNUSED_VARIABLE = YES;
				IPHONEOS_DEPLOYMENT_TARGET = 10.3;
				MTL_ENABLE_DEBUG_INFO = NO;
				SDKROOT = iphoneos;
				SWIFT_OPTIMIZATION_LEVEL = "-Owholemodule";
				VALIDATE_PRODUCT = YES;
			};
			name = Release;
		};
		179750C51F1351350019E30B /* Debug */ = {
			isa = XCBuildConfiguration;
			buildSettings = {
				ASSETCATALOG_COMPILER_APPICON_NAME = AppIcon;
				INFOPLIST_FILE = NodeProgress/Info.plist;
				LD_RUNPATH_SEARCH_PATHS = "$(inherited) @executable_path/Frameworks";
				PRODUCT_BUNDLE_IDENTIFIER = cn.bmkp.NodeProgress;
				PRODUCT_NAME = "$(TARGET_NAME)";
				SWIFT_VERSION = 3.0;
			};
			name = Debug;
		};
		179750C61F1351350019E30B /* Release */ = {
			isa = XCBuildConfiguration;
			buildSettings = {
				ASSETCATALOG_COMPILER_APPICON_NAME = AppIcon;
				INFOPLIST_FILE = NodeProgress/Info.plist;
				LD_RUNPATH_SEARCH_PATHS = "$(inherited) @executable_path/Frameworks";
				PRODUCT_BUNDLE_IDENTIFIER = cn.bmkp.NodeProgress;
				PRODUCT_NAME = "$(TARGET_NAME)";
				SWIFT_VERSION = 3.0;
			};
			name = Release;
		};
/* End XCBuildConfiguration section */

/* Begin XCConfigurationList section */
		179750AD1F1351350019E30B /* Build configuration list for PBXProject "NodeProgress" */ = {
			isa = XCConfigurationList;
			buildConfigurations = (
				179750C21F1351350019E30B /* Debug */,
				179750C31F1351350019E30B /* Release */,
			);
			defaultConfigurationIsVisible = 0;
			defaultConfigurationName = Release;
		};
		179750C41F1351350019E30B /* Build configuration list for PBXNativeTarget "NodeProgress" */ = {
			isa = XCConfigurationList;
			buildConfigurations = (
				179750C51F1351350019E30B /* Debug */,
				179750C61F1351350019E30B /* Release */,
			);
			defaultConfigurationIsVisible = 0;
		};
/* End XCConfigurationList section */
	};
	rootObject = 179750AA1F1351350019E30B /* Project object */;
}
